// !$*UTF8*$!
{
	archiveVersion = 1;
	classes = {
	};
	objectVersion = 46;
	objects = {

/* Begin PBXBuildFile section */
		3903C74E18344ED000D82038 /* Foundation.framework in Frameworks */ = {isa = PBXBuildFile; fileRef = 3903C74D18344ED000D82038 /* Foundation.framework */; };
		3903C75018344ED000D82038 /* CoreGraphics.framework in Frameworks */ = {isa = PBXBuildFile; fileRef = 3903C74F18344ED000D82038 /* CoreGraphics.framework */; };
		3903C75218344ED000D82038 /* UIKit.framework in Frameworks */ = {isa = PBXBuildFile; fileRef = 3903C75118344ED000D82038 /* UIKit.framework */; };
		3903C75818344ED000D82038 /* InfoPlist.strings in Resources */ = {isa = PBXBuildFile; fileRef = 3903C75618344ED000D82038 /* InfoPlist.strings */; };
		3903C75A18344ED000D82038 /* main.m in Sources */ = {isa = PBXBuildFile; fileRef = 3903C75918344ED000D82038 /* main.m */; };
		3903C75E18344ED000D82038 /* FSAppDelegate.m in Sources */ = {isa = PBXBuildFile; fileRef = 3903C75D18344ED000D82038 /* FSAppDelegate.m */; };
		3903C76118344ED000D82038 /* Main_iPhone.storyboard in Resources */ = {isa = PBXBuildFile; fileRef = 3903C75F18344ED000D82038 /* Main_iPhone.storyboard */; };
		3903C76A18344ED000D82038 /* FSDetailViewController.m in Sources */ = {isa = PBXBuildFile; fileRef = 3903C76918344ED000D82038 /* FSDetailViewController.m */; };
		3903C76C18344ED000D82038 /* Images.xcassets in Resources */ = {isa = PBXBuildFile; fileRef = 3903C76B18344ED000D82038 /* Images.xcassets */; };
		3903C77318344ED000D82038 /* XCTest.framework in Frameworks */ = {isa = PBXBuildFile; fileRef = 3903C77218344ED000D82038 /* XCTest.framework */; };
		3903C77418344ED000D82038 /* Foundation.framework in Frameworks */ = {isa = PBXBuildFile; fileRef = 3903C74D18344ED000D82038 /* Foundation.framework */; };
		3903C77518344ED000D82038 /* UIKit.framework in Frameworks */ = {isa = PBXBuildFile; fileRef = 3903C75118344ED000D82038 /* UIKit.framework */; };
		3903C77D18344ED000D82038 /* InfoPlist.strings in Resources */ = {isa = PBXBuildFile; fileRef = 3903C77B18344ED000D82038 /* InfoPlist.strings */; };
		3903C77F18344ED000D82038 /* FileSelectorTests.m in Sources */ = {isa = PBXBuildFile; fileRef = 3903C77E18344ED000D82038 /* FileSelectorTests.m */; };
		3903C78A1834520A00D82038 /* FSMainViewController.m in Sources */ = {isa = PBXBuildFile; fileRef = 3903C7891834520A00D82038 /* FSMainViewController.m */; };
		3903C7931835665E00D82038 /* Lets_Try_Popovers.storyboard in Resources */ = {isa = PBXBuildFile; fileRef = 3903C7921835665E00D82038 /* Lets_Try_Popovers.storyboard */; };
		3903C79618356A0500D82038 /* FSMainIpadViewController.m in Sources */ = {isa = PBXBuildFile; fileRef = 3903C79518356A0500D82038 /* FSMainIpadViewController.m */; };
		3903C79F18359D0000D82038 /* FSEntryCell.m in Sources */ = {isa = PBXBuildFile; fileRef = 3903C79E18359D0000D82038 /* FSEntryCell.m */; };
		39278325183A96680049B71B /* observations.png in Resources */ = {isa = PBXBuildFile; fileRef = 39278324183A96680049B71B /* observations.png */; };
		39278327183AA7490049B71B /* tilepackageIcon.png in Resources */ = {isa = PBXBuildFile; fileRef = 39278326183AA7490049B71B /* tilepackageIcon.png */; };
		3965ECFA183AE0DE00701F8A /* ProtocolCollection.m in Sources */ = {isa = PBXBuildFile; fileRef = 3965ECF9183AE0DE00701F8A /* ProtocolCollection.m */; };
		3965ECFD183AE1B800701F8A /* SProtocol.m in Sources */ = {isa = PBXBuildFile; fileRef = 3965ECFC183AE1B800701F8A /* SProtocol.m */; };
		3965ED01183C076A00701F8A /* NSArray+map.m in Sources */ = {isa = PBXBuildFile; fileRef = 3965ED00183C076A00701F8A /* NSArray+map.m */; };
		3965ED06183D8F5400701F8A /* ProtocolSelectViewController.m in Sources */ = {isa = PBXBuildFile; fileRef = 3965ED05183D8F5400701F8A /* ProtocolSelectViewController.m */; };
		3965ED0D183E9B2A00701F8A /* ProtocolTableViewCell.m in Sources */ = {isa = PBXBuildFile; fileRef = 3965ED0C183E9B2A00701F8A /* ProtocolTableViewCell.m */; };
		3965ED101843DAAF00701F8A /* NSURL+unique.m in Sources */ = {isa = PBXBuildFile; fileRef = 3965ED0F1843DAAF00701F8A /* NSURL+unique.m */; };
		3965ED131845100000701F8A /* SurveySelectViewController.m in Sources */ = {isa = PBXBuildFile; fileRef = 3965ED121845100000701F8A /* SurveySelectViewController.m */; };
		3965ED161845122D00701F8A /* MapSelectViewController.m in Sources */ = {isa = PBXBuildFile; fileRef = 3965ED151845122D00701F8A /* MapSelectViewController.m */; };
		3979BA46184569D300F3F7EC /* ProtocolDetailViewController.m in Sources */ = {isa = PBXBuildFile; fileRef = 3979BA45184569D300F3F7EC /* ProtocolDetailViewController.m */; };
		3979BA491846D28700F3F7EC /* NSIndexSet+indexPath.m in Sources */ = {isa = PBXBuildFile; fileRef = 3979BA481846D28700F3F7EC /* NSIndexSet+indexPath.m */; };
		3979BA4C184E4B5100F3F7EC /* Survey.m in Sources */ = {isa = PBXBuildFile; fileRef = 3979BA4B184E4B5100F3F7EC /* Survey.m */; };
		3979BA52184EAA1400F3F7EC /* NSDate+Formatting.m in Sources */ = {isa = PBXBuildFile; fileRef = 3979BA51184EAA1400F3F7EC /* NSDate+Formatting.m */; };
		3979BA55184EABA100F3F7EC /* SurveyCollection.m in Sources */ = {isa = PBXBuildFile; fileRef = 3979BA54184EABA100F3F7EC /* SurveyCollection.m */; };
		3979BA5E1850EB5100F3F7EC /* SurveyCoreDataDocument.m in Sources */ = {isa = PBXBuildFile; fileRef = 3979BA5D1850EB5100F3F7EC /* SurveyCoreDataDocument.m */; };
		3979BA611850EF1400F3F7EC /* SurveyObjectModel.m in Sources */ = {isa = PBXBuildFile; fileRef = 3979BA601850EF1400F3F7EC /* SurveyObjectModel.m */; };
		3979BA641851185800F3F7EC /* ObserverModel.xcdatamodeld in Sources */ = {isa = PBXBuildFile; fileRef = 3979BA621851185800F3F7EC /* ObserverModel.xcdatamodeld */; };
		3979BA67185154E400F3F7EC /* MapCollection.m in Sources */ = {isa = PBXBuildFile; fileRef = 3979BA66185154E400F3F7EC /* MapCollection.m */; };
		3979BA6B1851570700F3F7EC /* Map.m in Sources */ = {isa = PBXBuildFile; fileRef = 3979BA6A1851570700F3F7EC /* Map.m */; };
		3979BA6E1851600100F3F7EC /* MapDetailViewController.m in Sources */ = {isa = PBXBuildFile; fileRef = 3979BA6D1851600100F3F7EC /* MapDetailViewController.m */; };
		3979BA71185163BF00F3F7EC /* MapTableViewCell.m in Sources */ = {isa = PBXBuildFile; fileRef = 3979BA70185163BF00F3F7EC /* MapTableViewCell.m */; };
		3979BA741852405800F3F7EC /* RESdownloadView.m in Sources */ = {isa = PBXBuildFile; fileRef = 3979BA731852405800F3F7EC /* RESdownloadView.m */; };
		3979BA8118569F7800F3F7EC /* libQuickDialog.a in Frameworks */ = {isa = PBXBuildFile; fileRef = 3979BA8018569EFB00F3F7EC /* libQuickDialog.a */; };
		597BF1431854F71D00F6D9D0 /* NPDownloadOperation.m in Sources */ = {isa = PBXBuildFile; fileRef = 597BF1421854F71D00F6D9D0 /* NPDownloadOperation.m */; };
/* End PBXBuildFile section */

/* Begin PBXContainerItemProxy section */
		3903C77618344ED000D82038 /* PBXContainerItemProxy */ = {
			isa = PBXContainerItemProxy;
			containerPortal = 3903C74218344ED000D82038 /* Project object */;
			proxyType = 1;
			remoteGlobalIDString = 3903C74918344ED000D82038;
			remoteInfo = FileSelector;
		};
		3979BA7F18569EFB00F3F7EC /* PBXContainerItemProxy */ = {
			isa = PBXContainerItemProxy;
			containerPortal = 3979BA7B18569EFA00F3F7EC /* QuickDialog.xcodeproj */;
			proxyType = 2;
			remoteGlobalIDString = 2C542393145ADEBD0026A152;
			remoteInfo = QuickDialog;
		};
		3979BA8218569FDA00F3F7EC /* PBXContainerItemProxy */ = {
			isa = PBXContainerItemProxy;
			containerPortal = 3979BA7B18569EFA00F3F7EC /* QuickDialog.xcodeproj */;
			proxyType = 1;
			remoteGlobalIDString = 2C542392145ADEBD0026A152;
			remoteInfo = QuickDialog;
		};
/* End PBXContainerItemProxy section */

/* Begin PBXFileReference section */
		3903C74A18344ED000D82038 /* FileSelector.app */ = {isa = PBXFileReference; explicitFileType = wrapper.application; includeInIndex = 0; path = FileSelector.app; sourceTree = BUILT_PRODUCTS_DIR; };
		3903C74D18344ED000D82038 /* Foundation.framework */ = {isa = PBXFileReference; lastKnownFileType = wrapper.framework; name = Foundation.framework; path = System/Library/Frameworks/Foundation.framework; sourceTree = SDKROOT; };
		3903C74F18344ED000D82038 /* CoreGraphics.framework */ = {isa = PBXFileReference; lastKnownFileType = wrapper.framework; name = CoreGraphics.framework; path = System/Library/Frameworks/CoreGraphics.framework; sourceTree = SDKROOT; };
		3903C75118344ED000D82038 /* UIKit.framework */ = {isa = PBXFileReference; lastKnownFileType = wrapper.framework; name = UIKit.framework; path = System/Library/Frameworks/UIKit.framework; sourceTree = SDKROOT; };
		3903C75518344ED000D82038 /* FileSelector-Info.plist */ = {isa = PBXFileReference; lastKnownFileType = text.plist.xml; path = "FileSelector-Info.plist"; sourceTree = "<group>"; };
		3903C75718344ED000D82038 /* en */ = {isa = PBXFileReference; lastKnownFileType = text.plist.strings; name = en; path = en.lproj/InfoPlist.strings; sourceTree = "<group>"; };
		3903C75918344ED000D82038 /* main.m */ = {isa = PBXFileReference; lastKnownFileType = sourcecode.c.objc; path = main.m; sourceTree = "<group>"; };
		3903C75B18344ED000D82038 /* FileSelector-Prefix.pch */ = {isa = PBXFileReference; lastKnownFileType = sourcecode.c.h; path = "FileSelector-Prefix.pch"; sourceTree = "<group>"; };
		3903C75C18344ED000D82038 /* FSAppDelegate.h */ = {isa = PBXFileReference; lastKnownFileType = sourcecode.c.h; path = FSAppDelegate.h; sourceTree = "<group>"; };
		3903C75D18344ED000D82038 /* FSAppDelegate.m */ = {isa = PBXFileReference; lastKnownFileType = sourcecode.c.objc; path = FSAppDelegate.m; sourceTree = "<group>"; };
		3903C76018344ED000D82038 /* Base */ = {isa = PBXFileReference; lastKnownFileType = file.storyboard; name = Base; path = Base.lproj/Main_iPhone.storyboard; sourceTree = "<group>"; };
		3903C76818344ED000D82038 /* FSDetailViewController.h */ = {isa = PBXFileReference; lastKnownFileType = sourcecode.c.h; path = FSDetailViewController.h; sourceTree = "<group>"; };
		3903C76918344ED000D82038 /* FSDetailViewController.m */ = {isa = PBXFileReference; lastKnownFileType = sourcecode.c.objc; path = FSDetailViewController.m; sourceTree = "<group>"; };
		3903C76B18344ED000D82038 /* Images.xcassets */ = {isa = PBXFileReference; lastKnownFileType = folder.assetcatalog; path = Images.xcassets; sourceTree = "<group>"; };
		3903C77118344ED000D82038 /* FileSelectorTests.xctest */ = {isa = PBXFileReference; explicitFileType = wrapper.cfbundle; includeInIndex = 0; path = FileSelectorTests.xctest; sourceTree = BUILT_PRODUCTS_DIR; };
		3903C77218344ED000D82038 /* XCTest.framework */ = {isa = PBXFileReference; lastKnownFileType = wrapper.framework; name = XCTest.framework; path = Library/Frameworks/XCTest.framework; sourceTree = DEVELOPER_DIR; };
		3903C77A18344ED000D82038 /* FileSelectorTests-Info.plist */ = {isa = PBXFileReference; lastKnownFileType = text.plist.xml; path = "FileSelectorTests-Info.plist"; sourceTree = "<group>"; };
		3903C77C18344ED000D82038 /* en */ = {isa = PBXFileReference; lastKnownFileType = text.plist.strings; name = en; path = en.lproj/InfoPlist.strings; sourceTree = "<group>"; };
		3903C77E18344ED000D82038 /* FileSelectorTests.m */ = {isa = PBXFileReference; lastKnownFileType = sourcecode.c.objc; path = FileSelectorTests.m; sourceTree = "<group>"; };
		3903C7881834520A00D82038 /* FSMainViewController.h */ = {isa = PBXFileReference; fileEncoding = 4; lastKnownFileType = sourcecode.c.h; path = FSMainViewController.h; sourceTree = "<group>"; };
		3903C7891834520A00D82038 /* FSMainViewController.m */ = {isa = PBXFileReference; fileEncoding = 4; lastKnownFileType = sourcecode.c.objc; path = FSMainViewController.m; sourceTree = "<group>"; };
		3903C78B18353ED300D82038 /* FSTableViewItemCollection.h */ = {isa = PBXFileReference; lastKnownFileType = sourcecode.c.h; path = FSTableViewItemCollection.h; sourceTree = "<group>"; };
		3903C7921835665E00D82038 /* Lets_Try_Popovers.storyboard */ = {isa = PBXFileReference; fileEncoding = 4; lastKnownFileType = file.storyboard; path = Lets_Try_Popovers.storyboard; sourceTree = "<group>"; };
		3903C79418356A0500D82038 /* FSMainIpadViewController.h */ = {isa = PBXFileReference; fileEncoding = 4; lastKnownFileType = sourcecode.c.h; path = FSMainIpadViewController.h; sourceTree = "<group>"; };
		3903C79518356A0500D82038 /* FSMainIpadViewController.m */ = {isa = PBXFileReference; fileEncoding = 4; lastKnownFileType = sourcecode.c.objc; path = FSMainIpadViewController.m; sourceTree = "<group>"; };
		3903C79D18359D0000D82038 /* FSEntryCell.h */ = {isa = PBXFileReference; fileEncoding = 4; lastKnownFileType = sourcecode.c.h; path = FSEntryCell.h; sourceTree = "<group>"; };
		3903C79E18359D0000D82038 /* FSEntryCell.m */ = {isa = PBXFileReference; fileEncoding = 4; lastKnownFileType = sourcecode.c.objc; path = FSEntryCell.m; sourceTree = "<group>"; };
		39278324183A96680049B71B /* observations.png */ = {isa = PBXFileReference; lastKnownFileType = image.png; path = observations.png; sourceTree = "<group>"; };
		39278326183AA7490049B71B /* tilepackageIcon.png */ = {isa = PBXFileReference; lastKnownFileType = image.png; path = tilepackageIcon.png; sourceTree = "<group>"; };
		3965ECF8183AE0DE00701F8A /* ProtocolCollection.h */ = {isa = PBXFileReference; fileEncoding = 4; lastKnownFileType = sourcecode.c.h; path = ProtocolCollection.h; sourceTree = "<group>"; };
		3965ECF9183AE0DE00701F8A /* ProtocolCollection.m */ = {isa = PBXFileReference; fileEncoding = 4; lastKnownFileType = sourcecode.c.objc; path = ProtocolCollection.m; sourceTree = "<group>"; };
		3965ECFB183AE1B800701F8A /* SProtocol.h */ = {isa = PBXFileReference; fileEncoding = 4; lastKnownFileType = sourcecode.c.h; path = SProtocol.h; sourceTree = "<group>"; };
		3965ECFC183AE1B800701F8A /* SProtocol.m */ = {isa = PBXFileReference; fileEncoding = 4; lastKnownFileType = sourcecode.c.objc; path = SProtocol.m; sourceTree = "<group>"; };
		3965ECFF183C076A00701F8A /* NSArray+map.h */ = {isa = PBXFileReference; fileEncoding = 4; lastKnownFileType = sourcecode.c.h; path = "NSArray+map.h"; sourceTree = "<group>"; };
		3965ED00183C076A00701F8A /* NSArray+map.m */ = {isa = PBXFileReference; fileEncoding = 4; lastKnownFileType = sourcecode.c.objc; path = "NSArray+map.m"; sourceTree = "<group>"; };
		3965ED04183D8F5400701F8A /* ProtocolSelectViewController.h */ = {isa = PBXFileReference; fileEncoding = 4; lastKnownFileType = sourcecode.c.h; path = ProtocolSelectViewController.h; sourceTree = "<group>"; };
		3965ED05183D8F5400701F8A /* ProtocolSelectViewController.m */ = {isa = PBXFileReference; fileEncoding = 4; lastKnownFileType = sourcecode.c.objc; path = ProtocolSelectViewController.m; sourceTree = "<group>"; };
		3965ED0B183E9B2A00701F8A /* ProtocolTableViewCell.h */ = {isa = PBXFileReference; fileEncoding = 4; lastKnownFileType = sourcecode.c.h; path = ProtocolTableViewCell.h; sourceTree = "<group>"; };
		3965ED0C183E9B2A00701F8A /* ProtocolTableViewCell.m */ = {isa = PBXFileReference; fileEncoding = 4; lastKnownFileType = sourcecode.c.objc; path = ProtocolTableViewCell.m; sourceTree = "<group>"; };
		3965ED0E1843DAAF00701F8A /* NSURL+unique.h */ = {isa = PBXFileReference; fileEncoding = 4; lastKnownFileType = sourcecode.c.h; path = "NSURL+unique.h"; sourceTree = "<group>"; };
		3965ED0F1843DAAF00701F8A /* NSURL+unique.m */ = {isa = PBXFileReference; fileEncoding = 4; lastKnownFileType = sourcecode.c.objc; path = "NSURL+unique.m"; sourceTree = "<group>"; };
		3965ED111845100000701F8A /* SurveySelectViewController.h */ = {isa = PBXFileReference; fileEncoding = 4; lastKnownFileType = sourcecode.c.h; path = SurveySelectViewController.h; sourceTree = "<group>"; };
		3965ED121845100000701F8A /* SurveySelectViewController.m */ = {isa = PBXFileReference; fileEncoding = 4; lastKnownFileType = sourcecode.c.objc; path = SurveySelectViewController.m; sourceTree = "<group>"; };
		3965ED141845122D00701F8A /* MapSelectViewController.h */ = {isa = PBXFileReference; fileEncoding = 4; lastKnownFileType = sourcecode.c.h; path = MapSelectViewController.h; sourceTree = "<group>"; };
		3965ED151845122D00701F8A /* MapSelectViewController.m */ = {isa = PBXFileReference; fileEncoding = 4; lastKnownFileType = sourcecode.c.objc; path = MapSelectViewController.m; sourceTree = "<group>"; };
		3979BA44184569D300F3F7EC /* ProtocolDetailViewController.h */ = {isa = PBXFileReference; fileEncoding = 4; lastKnownFileType = sourcecode.c.h; path = ProtocolDetailViewController.h; sourceTree = "<group>"; };
		3979BA45184569D300F3F7EC /* ProtocolDetailViewController.m */ = {isa = PBXFileReference; fileEncoding = 4; lastKnownFileType = sourcecode.c.objc; path = ProtocolDetailViewController.m; sourceTree = "<group>"; };
		3979BA471846D28700F3F7EC /* NSIndexSet+indexPath.h */ = {isa = PBXFileReference; fileEncoding = 4; lastKnownFileType = sourcecode.c.h; path = "NSIndexSet+indexPath.h"; sourceTree = "<group>"; };
		3979BA481846D28700F3F7EC /* NSIndexSet+indexPath.m */ = {isa = PBXFileReference; fileEncoding = 4; lastKnownFileType = sourcecode.c.objc; path = "NSIndexSet+indexPath.m"; sourceTree = "<group>"; };
		3979BA4A184E4B5100F3F7EC /* Survey.h */ = {isa = PBXFileReference; fileEncoding = 4; lastKnownFileType = sourcecode.c.h; path = Survey.h; sourceTree = "<group>"; };
		3979BA4B184E4B5100F3F7EC /* Survey.m */ = {isa = PBXFileReference; fileEncoding = 4; lastKnownFileType = sourcecode.c.objc; path = Survey.m; sourceTree = "<group>"; };
		3979BA50184EAA1400F3F7EC /* NSDate+Formatting.h */ = {isa = PBXFileReference; fileEncoding = 4; lastKnownFileType = sourcecode.c.h; path = "NSDate+Formatting.h"; sourceTree = "<group>"; };
		3979BA51184EAA1400F3F7EC /* NSDate+Formatting.m */ = {isa = PBXFileReference; fileEncoding = 4; lastKnownFileType = sourcecode.c.objc; path = "NSDate+Formatting.m"; sourceTree = "<group>"; };
		3979BA53184EABA100F3F7EC /* SurveyCollection.h */ = {isa = PBXFileReference; fileEncoding = 4; lastKnownFileType = sourcecode.c.h; path = SurveyCollection.h; sourceTree = "<group>"; };
		3979BA54184EABA100F3F7EC /* SurveyCollection.m */ = {isa = PBXFileReference; fileEncoding = 4; lastKnownFileType = sourcecode.c.objc; path = SurveyCollection.m; sourceTree = "<group>"; };
		3979BA5C1850EB5100F3F7EC /* SurveyCoreDataDocument.h */ = {isa = PBXFileReference; fileEncoding = 4; lastKnownFileType = sourcecode.c.h; path = SurveyCoreDataDocument.h; sourceTree = "<group>"; };
		3979BA5D1850EB5100F3F7EC /* SurveyCoreDataDocument.m */ = {isa = PBXFileReference; fileEncoding = 4; lastKnownFileType = sourcecode.c.objc; path = SurveyCoreDataDocument.m; sourceTree = "<group>"; };
		3979BA5F1850EF1400F3F7EC /* SurveyObjectModel.h */ = {isa = PBXFileReference; fileEncoding = 4; lastKnownFileType = sourcecode.c.h; path = SurveyObjectModel.h; sourceTree = "<group>"; };
		3979BA601850EF1400F3F7EC /* SurveyObjectModel.m */ = {isa = PBXFileReference; fileEncoding = 4; lastKnownFileType = sourcecode.c.objc; path = SurveyObjectModel.m; sourceTree = "<group>"; };
		3979BA631851185800F3F7EC /* ObserverModel.xcdatamodel */ = {isa = PBXFileReference; lastKnownFileType = wrapper.xcdatamodel; path = ObserverModel.xcdatamodel; sourceTree = "<group>"; };
		3979BA65185154E400F3F7EC /* MapCollection.h */ = {isa = PBXFileReference; fileEncoding = 4; lastKnownFileType = sourcecode.c.h; path = MapCollection.h; sourceTree = "<group>"; };
		3979BA66185154E400F3F7EC /* MapCollection.m */ = {isa = PBXFileReference; fileEncoding = 4; lastKnownFileType = sourcecode.c.objc; path = MapCollection.m; sourceTree = "<group>"; };
		3979BA681851551400F3F7EC /* CollectionChanged.h */ = {isa = PBXFileReference; lastKnownFileType = sourcecode.c.h; path = CollectionChanged.h; sourceTree = "<group>"; };
		3979BA691851570700F3F7EC /* Map.h */ = {isa = PBXFileReference; fileEncoding = 4; lastKnownFileType = sourcecode.c.h; path = Map.h; sourceTree = "<group>"; };
		3979BA6A1851570700F3F7EC /* Map.m */ = {isa = PBXFileReference; fileEncoding = 4; lastKnownFileType = sourcecode.c.objc; path = Map.m; sourceTree = "<group>"; };
		3979BA6C1851600100F3F7EC /* MapDetailViewController.h */ = {isa = PBXFileReference; fileEncoding = 4; lastKnownFileType = sourcecode.c.h; path = MapDetailViewController.h; sourceTree = "<group>"; };
		3979BA6D1851600100F3F7EC /* MapDetailViewController.m */ = {isa = PBXFileReference; fileEncoding = 4; lastKnownFileType = sourcecode.c.objc; path = MapDetailViewController.m; sourceTree = "<group>"; };
		3979BA6F185163BF00F3F7EC /* MapTableViewCell.h */ = {isa = PBXFileReference; fileEncoding = 4; lastKnownFileType = sourcecode.c.h; path = MapTableViewCell.h; sourceTree = "<group>"; };
		3979BA70185163BF00F3F7EC /* MapTableViewCell.m */ = {isa = PBXFileReference; fileEncoding = 4; lastKnownFileType = sourcecode.c.objc; path = MapTableViewCell.m; sourceTree = "<group>"; };
		3979BA721852405800F3F7EC /* RESdownloadView.h */ = {isa = PBXFileReference; fileEncoding = 4; lastKnownFileType = sourcecode.c.h; path = RESdownloadView.h; sourceTree = "<group>"; };
		3979BA731852405800F3F7EC /* RESdownloadView.m */ = {isa = PBXFileReference; fileEncoding = 4; lastKnownFileType = sourcecode.c.objc; path = RESdownloadView.m; sourceTree = "<group>"; };
		3979BA7B18569EFA00F3F7EC /* QuickDialog.xcodeproj */ = {isa = PBXFileReference; lastKnownFileType = "wrapper.pb-project"; name = QuickDialog.xcodeproj; path = QuickDialog/QuickDialog.xcodeproj; sourceTree = "<group>"; };
		597BF1411854F71D00F6D9D0 /* NPDownloadOperation.h */ = {isa = PBXFileReference; fileEncoding = 4; lastKnownFileType = sourcecode.c.h; path = NPDownloadOperation.h; sourceTree = "<group>"; };
		597BF1421854F71D00F6D9D0 /* NPDownloadOperation.m */ = {isa = PBXFileReference; fileEncoding = 4; lastKnownFileType = sourcecode.c.objc; path = NPDownloadOperation.m; sourceTree = "<group>"; };
/* End PBXFileReference section */

/* Begin PBXFrameworksBuildPhase section */
		3903C74718344ED000D82038 /* Frameworks */ = {
			isa = PBXFrameworksBuildPhase;
			buildActionMask = 2147483647;
			files = (
				3979BA8118569F7800F3F7EC /* libQuickDialog.a in Frameworks */,
				3903C75018344ED000D82038 /* CoreGraphics.framework in Frameworks */,
				3903C75218344ED000D82038 /* UIKit.framework in Frameworks */,
				3903C74E18344ED000D82038 /* Foundation.framework in Frameworks */,
			);
			runOnlyForDeploymentPostprocessing = 0;
		};
		3903C76E18344ED000D82038 /* Frameworks */ = {
			isa = PBXFrameworksBuildPhase;
			buildActionMask = 2147483647;
			files = (
				3903C77318344ED000D82038 /* XCTest.framework in Frameworks */,
				3903C77518344ED000D82038 /* UIKit.framework in Frameworks */,
				3903C77418344ED000D82038 /* Foundation.framework in Frameworks */,
			);
			runOnlyForDeploymentPostprocessing = 0;
		};
/* End PBXFrameworksBuildPhase section */

/* Begin PBXGroup section */
		3903C74118344ED000D82038 = {
			isa = PBXGroup;
			children = (
				39278326183AA7490049B71B /* tilepackageIcon.png */,
				39278324183A96680049B71B /* observations.png */,
				3903C75318344ED000D82038 /* FileSelector */,
				3903C77818344ED000D82038 /* FileSelectorTests */,
				3903C74C18344ED000D82038 /* Frameworks */,
				3903C74B18344ED000D82038 /* Products */,
			);
			sourceTree = "<group>";
		};
		3903C74B18344ED000D82038 /* Products */ = {
			isa = PBXGroup;
			children = (
				3903C74A18344ED000D82038 /* FileSelector.app */,
				3903C77118344ED000D82038 /* FileSelectorTests.xctest */,
			);
			name = Products;
			sourceTree = "<group>";
		};
		3903C74C18344ED000D82038 /* Frameworks */ = {
			isa = PBXGroup;
			children = (
				3979BA7B18569EFA00F3F7EC /* QuickDialog.xcodeproj */,
				3903C74D18344ED000D82038 /* Foundation.framework */,
				3903C74F18344ED000D82038 /* CoreGraphics.framework */,
				3903C75118344ED000D82038 /* UIKit.framework */,
				3903C77218344ED000D82038 /* XCTest.framework */,
			);
			name = Frameworks;
			sourceTree = "<group>";
		};
		3903C75318344ED000D82038 /* FileSelector */ = {
			isa = PBXGroup;
			children = (
				3979BA77185241F300F3F7EC /* Surveys */,
				3979BA76185241E600F3F7EC /* Protocols */,
				3979BA75185241DE00F3F7EC /* Maps */,
				3979BA721852405800F3F7EC /* RESdownloadView.h */,
				3979BA731852405800F3F7EC /* RESdownloadView.m */,
				3979BA621851185800F3F7EC /* ObserverModel.xcdatamodeld */,
				3903C75C18344ED000D82038 /* FSAppDelegate.h */,
				3903C75D18344ED000D82038 /* FSAppDelegate.m */,
				3903C75F18344ED000D82038 /* Main_iPhone.storyboard */,
				3903C7921835665E00D82038 /* Lets_Try_Popovers.storyboard */,
				3903C7881834520A00D82038 /* FSMainViewController.h */,
				3903C7891834520A00D82038 /* FSMainViewController.m */,
				3903C79418356A0500D82038 /* FSMainIpadViewController.h */,
				3903C79518356A0500D82038 /* FSMainIpadViewController.m */,
				3903C76B18344ED000D82038 /* Images.xcassets */,
				3903C75418344ED000D82038 /* Supporting Files */,
				3965ECFF183C076A00701F8A /* NSArray+map.h */,
				3965ED00183C076A00701F8A /* NSArray+map.m */,
				3965ED0E1843DAAF00701F8A /* NSURL+unique.h */,
				3965ED0F1843DAAF00701F8A /* NSURL+unique.m */,
				3979BA50184EAA1400F3F7EC /* NSDate+Formatting.h */,
				3979BA51184EAA1400F3F7EC /* NSDate+Formatting.m */,
				3903C78B18353ED300D82038 /* FSTableViewItemCollection.h */,
				3979BA471846D28700F3F7EC /* NSIndexSet+indexPath.h */,
				3979BA481846D28700F3F7EC /* NSIndexSet+indexPath.m */,
				3979BA681851551400F3F7EC /* CollectionChanged.h */,
				597BF1411854F71D00F6D9D0 /* NPDownloadOperation.h */,
				597BF1421854F71D00F6D9D0 /* NPDownloadOperation.m */,
			);
			path = FileSelector;
			sourceTree = "<group>";
		};
		3903C75418344ED000D82038 /* Supporting Files */ = {
			isa = PBXGroup;
			children = (
				3903C75518344ED000D82038 /* FileSelector-Info.plist */,
				3903C75618344ED000D82038 /* InfoPlist.strings */,
				3903C75918344ED000D82038 /* main.m */,
				3903C75B18344ED000D82038 /* FileSelector-Prefix.pch */,
			);
			name = "Supporting Files";
			sourceTree = "<group>";
		};
		3903C77818344ED000D82038 /* FileSelectorTests */ = {
			isa = PBXGroup;
			children = (
				3903C77E18344ED000D82038 /* FileSelectorTests.m */,
				3903C77918344ED000D82038 /* Supporting Files */,
			);
			path = FileSelectorTests;
			sourceTree = "<group>";
		};
		3903C77918344ED000D82038 /* Supporting Files */ = {
			isa = PBXGroup;
			children = (
				3903C77A18344ED000D82038 /* FileSelectorTests-Info.plist */,
				3903C77B18344ED000D82038 /* InfoPlist.strings */,
			);
			name = "Supporting Files";
			sourceTree = "<group>";
		};
		3979BA75185241DE00F3F7EC /* Maps */ = {
			isa = PBXGroup;
			children = (
				3979BA691851570700F3F7EC /* Map.h */,
				3979BA6A1851570700F3F7EC /* Map.m */,
				3979BA65185154E400F3F7EC /* MapCollection.h */,
				3979BA66185154E400F3F7EC /* MapCollection.m */,
				3965ED141845122D00701F8A /* MapSelectViewController.h */,
				3965ED151845122D00701F8A /* MapSelectViewController.m */,
				3979BA6C1851600100F3F7EC /* MapDetailViewController.h */,
				3979BA6D1851600100F3F7EC /* MapDetailViewController.m */,
				3979BA6F185163BF00F3F7EC /* MapTableViewCell.h */,
				3979BA70185163BF00F3F7EC /* MapTableViewCell.m */,
			);
			name = Maps;
			sourceTree = "<group>";
		};
		3979BA76185241E600F3F7EC /* Protocols */ = {
			isa = PBXGroup;
			children = (
				3965ECFB183AE1B800701F8A /* SProtocol.h */,
				3965ECFC183AE1B800701F8A /* SProtocol.m */,
				3965ECF8183AE0DE00701F8A /* ProtocolCollection.h */,
				3965ECF9183AE0DE00701F8A /* ProtocolCollection.m */,
				3965ED04183D8F5400701F8A /* ProtocolSelectViewController.h */,
				3965ED05183D8F5400701F8A /* ProtocolSelectViewController.m */,
				3979BA44184569D300F3F7EC /* ProtocolDetailViewController.h */,
				3979BA45184569D300F3F7EC /* ProtocolDetailViewController.m */,
				3965ED0B183E9B2A00701F8A /* ProtocolTableViewCell.h */,
				3965ED0C183E9B2A00701F8A /* ProtocolTableViewCell.m */,
			);
			name = Protocols;
			sourceTree = "<group>";
		};
		3979BA77185241F300F3F7EC /* Surveys */ = {
			isa = PBXGroup;
			children = (
				3979BA4A184E4B5100F3F7EC /* Survey.h */,
				3979BA4B184E4B5100F3F7EC /* Survey.m */,
				3979BA53184EABA100F3F7EC /* SurveyCollection.h */,
				3979BA54184EABA100F3F7EC /* SurveyCollection.m */,
				3979BA5C1850EB5100F3F7EC /* SurveyCoreDataDocument.h */,
				3979BA5D1850EB5100F3F7EC /* SurveyCoreDataDocument.m */,
				3979BA5F1850EF1400F3F7EC /* SurveyObjectModel.h */,
				3979BA601850EF1400F3F7EC /* SurveyObjectModel.m */,
				3965ED111845100000701F8A /* SurveySelectViewController.h */,
				3965ED121845100000701F8A /* SurveySelectViewController.m */,
				3903C76818344ED000D82038 /* FSDetailViewController.h */,
				3903C76918344ED000D82038 /* FSDetailViewController.m */,
				3903C79D18359D0000D82038 /* FSEntryCell.h */,
				3903C79E18359D0000D82038 /* FSEntryCell.m */,
			);
			name = Surveys;
			sourceTree = "<group>";
		};
		3979BA7C18569EFA00F3F7EC /* Products */ = {
			isa = PBXGroup;
			children = (
				3979BA8018569EFB00F3F7EC /* libQuickDialog.a */,
			);
			name = Products;
			sourceTree = "<group>";
		};
/* End PBXGroup section */

/* Begin PBXNativeTarget section */
		3903C74918344ED000D82038 /* FileSelector */ = {
			isa = PBXNativeTarget;
			buildConfigurationList = 3903C78218344ED000D82038 /* Build configuration list for PBXNativeTarget "FileSelector" */;
			buildPhases = (
				3903C74618344ED000D82038 /* Sources */,
				3903C74718344ED000D82038 /* Frameworks */,
				3903C74818344ED000D82038 /* Resources */,
			);
			buildRules = (
			);
			dependencies = (
				3979BA8318569FDA00F3F7EC /* PBXTargetDependency */,
			);
			name = FileSelector;
			productName = FileSelector;
			productReference = 3903C74A18344ED000D82038 /* FileSelector.app */;
			productType = "com.apple.product-type.application";
		};
		3903C77018344ED000D82038 /* FileSelectorTests */ = {
			isa = PBXNativeTarget;
			buildConfigurationList = 3903C78518344ED000D82038 /* Build configuration list for PBXNativeTarget "FileSelectorTests" */;
			buildPhases = (
				3903C76D18344ED000D82038 /* Sources */,
				3903C76E18344ED000D82038 /* Frameworks */,
				3903C76F18344ED000D82038 /* Resources */,
			);
			buildRules = (
			);
			dependencies = (
				3903C77718344ED000D82038 /* PBXTargetDependency */,
			);
			name = FileSelectorTests;
			productName = FileSelectorTests;
			productReference = 3903C77118344ED000D82038 /* FileSelectorTests.xctest */;
			productType = "com.apple.product-type.bundle.unit-test";
		};
/* End PBXNativeTarget section */

/* Begin PBXProject section */
		3903C74218344ED000D82038 /* Project object */ = {
			isa = PBXProject;
			attributes = {
				CLASSPREFIX = FS;
				LastUpgradeCheck = 0500;
				ORGANIZATIONNAME = "GIS Team";
				TargetAttributes = {
					3903C77018344ED000D82038 = {
						TestTargetID = 3903C74918344ED000D82038;
					};
				};
			};
			buildConfigurationList = 3903C74518344ED000D82038 /* Build configuration list for PBXProject "FileSelector" */;
			compatibilityVersion = "Xcode 3.2";
			developmentRegion = English;
			hasScannedForEncodings = 0;
			knownRegions = (
				en,
				Base,
			);
			mainGroup = 3903C74118344ED000D82038;
			productRefGroup = 3903C74B18344ED000D82038 /* Products */;
			projectDirPath = "";
			projectReferences = (
				{
					ProductGroup = 3979BA7C18569EFA00F3F7EC /* Products */;
					ProjectRef = 3979BA7B18569EFA00F3F7EC /* QuickDialog.xcodeproj */;
				},
			);
			projectRoot = "";
			targets = (
				3903C74918344ED000D82038 /* FileSelector */,
				3903C77018344ED000D82038 /* FileSelectorTests */,
			);
		};
/* End PBXProject section */

/* Begin PBXReferenceProxy section */
		3979BA8018569EFB00F3F7EC /* libQuickDialog.a */ = {
			isa = PBXReferenceProxy;
			fileType = archive.ar;
			path = libQuickDialog.a;
			remoteRef = 3979BA7F18569EFB00F3F7EC /* PBXContainerItemProxy */;
			sourceTree = BUILT_PRODUCTS_DIR;
		};
/* End PBXReferenceProxy section */

/* Begin PBXResourcesBuildPhase section */
		3903C74818344ED000D82038 /* Resources */ = {
			isa = PBXResourcesBuildPhase;
			buildActionMask = 2147483647;
			files = (
				39278327183AA7490049B71B /* tilepackageIcon.png in Resources */,
				3903C76C18344ED000D82038 /* Images.xcassets in Resources */,
				3903C76118344ED000D82038 /* Main_iPhone.storyboard in Resources */,
				39278325183A96680049B71B /* observations.png in Resources */,
				3903C75818344ED000D82038 /* InfoPlist.strings in Resources */,
				3903C7931835665E00D82038 /* Lets_Try_Popovers.storyboard in Resources */,
			);
			runOnlyForDeploymentPostprocessing = 0;
		};
		3903C76F18344ED000D82038 /* Resources */ = {
			isa = PBXResourcesBuildPhase;
			buildActionMask = 2147483647;
			files = (
				3903C77D18344ED000D82038 /* InfoPlist.strings in Resources */,
			);
			runOnlyForDeploymentPostprocessing = 0;
		};
/* End PBXResourcesBuildPhase section */

/* Begin PBXSourcesBuildPhase section */
		3903C74618344ED000D82038 /* Sources */ = {
			isa = PBXSourcesBuildPhase;
			buildActionMask = 2147483647;
			files = (
				3903C79618356A0500D82038 /* FSMainIpadViewController.m in Sources */,
				3965ED101843DAAF00701F8A /* NSURL+unique.m in Sources */,
				3979BA4C184E4B5100F3F7EC /* Survey.m in Sources */,
				3979BA5E1850EB5100F3F7EC /* SurveyCoreDataDocument.m in Sources */,
				3965ECFD183AE1B800701F8A /* SProtocol.m in Sources */,
				3965ECFA183AE0DE00701F8A /* ProtocolCollection.m in Sources */,
				3903C75A18344ED000D82038 /* main.m in Sources */,
				3979BA67185154E400F3F7EC /* MapCollection.m in Sources */,
				3965ED0D183E9B2A00701F8A /* ProtocolTableViewCell.m in Sources */,
				3979BA6B1851570700F3F7EC /* Map.m in Sources */,
				3903C79F18359D0000D82038 /* FSEntryCell.m in Sources */,
				597BF1431854F71D00F6D9D0 /* NPDownloadOperation.m in Sources */,
				3979BA55184EABA100F3F7EC /* SurveyCollection.m in Sources */,
				3903C76A18344ED000D82038 /* FSDetailViewController.m in Sources */,
				3903C75E18344ED000D82038 /* FSAppDelegate.m in Sources */,
				3965ED06183D8F5400701F8A /* ProtocolSelectViewController.m in Sources */,
				3979BA491846D28700F3F7EC /* NSIndexSet+indexPath.m in Sources */,
				3903C78A1834520A00D82038 /* FSMainViewController.m in Sources */,
				3979BA46184569D300F3F7EC /* ProtocolDetailViewController.m in Sources */,
				3979BA741852405800F3F7EC /* RESdownloadView.m in Sources */,
				3965ED01183C076A00701F8A /* NSArray+map.m in Sources */,
				3979BA6E1851600100F3F7EC /* MapDetailViewController.m in Sources */,
				3979BA641851185800F3F7EC /* ObserverModel.xcdatamodeld in Sources */,
				3965ED161845122D00701F8A /* MapSelectViewController.m in Sources */,
				3979BA611850EF1400F3F7EC /* SurveyObjectModel.m in Sources */,
				3965ED131845100000701F8A /* SurveySelectViewController.m in Sources */,
				3979BA71185163BF00F3F7EC /* MapTableViewCell.m in Sources */,
				3979BA52184EAA1400F3F7EC /* NSDate+Formatting.m in Sources */,
			);
			runOnlyForDeploymentPostprocessing = 0;
		};
		3903C76D18344ED000D82038 /* Sources */ = {
			isa = PBXSourcesBuildPhase;
			buildActionMask = 2147483647;
			files = (
				3903C77F18344ED000D82038 /* FileSelectorTests.m in Sources */,
			);
			runOnlyForDeploymentPostprocessing = 0;
		};
/* End PBXSourcesBuildPhase section */

/* Begin PBXTargetDependency section */
		3903C77718344ED000D82038 /* PBXTargetDependency */ = {
			isa = PBXTargetDependency;
			target = 3903C74918344ED000D82038 /* FileSelector */;
			targetProxy = 3903C77618344ED000D82038 /* PBXContainerItemProxy */;
		};
		3979BA8318569FDA00F3F7EC /* PBXTargetDependency */ = {
			isa = PBXTargetDependency;
			name = QuickDialog;
			targetProxy = 3979BA8218569FDA00F3F7EC /* PBXContainerItemProxy */;
		};
/* End PBXTargetDependency section */

/* Begin PBXVariantGroup section */
		3903C75618344ED000D82038 /* InfoPlist.strings */ = {
			isa = PBXVariantGroup;
			children = (
				3903C75718344ED000D82038 /* en */,
			);
			name = InfoPlist.strings;
			sourceTree = "<group>";
		};
		3903C75F18344ED000D82038 /* Main_iPhone.storyboard */ = {
			isa = PBXVariantGroup;
			children = (
				3903C76018344ED000D82038 /* Base */,
			);
			name = Main_iPhone.storyboard;
			sourceTree = "<group>";
		};
		3903C77B18344ED000D82038 /* InfoPlist.strings */ = {
			isa = PBXVariantGroup;
			children = (
				3903C77C18344ED000D82038 /* en */,
			);
			name = InfoPlist.strings;
			sourceTree = "<group>";
		};
/* End PBXVariantGroup section */

/* Begin XCBuildConfiguration section */
		3903C78018344ED000D82038 /* Debug */ = {
			isa = XCBuildConfiguration;
			buildSettings = {
				ALWAYS_SEARCH_USER_PATHS = YES;
				ARCHS = "$(ARCHS_STANDARD_INCLUDING_64_BIT)";
				CLANG_CXX_LANGUAGE_STANDARD = "gnu++0x";
				CLANG_CXX_LIBRARY = "libc++";
				CLANG_ENABLE_MODULES = YES;
				CLANG_ENABLE_OBJC_ARC = YES;
				CLANG_WARN_BOOL_CONVERSION = YES;
				CLANG_WARN_CONSTANT_CONVERSION = YES;
				CLANG_WARN_DIRECT_OBJC_ISA_USAGE = YES_ERROR;
				CLANG_WARN_EMPTY_BODY = YES;
				CLANG_WARN_ENUM_CONVERSION = YES;
				CLANG_WARN_INT_CONVERSION = YES;
				CLANG_WARN_OBJC_ROOT_CLASS = YES_ERROR;
				CLANG_WARN__DUPLICATE_METHOD_MATCH = YES;
				"CODE_SIGN_IDENTITY[sdk=iphoneos*]" = "iPhone Developer";
				COPY_PHASE_STRIP = NO;
				GCC_C_LANGUAGE_STANDARD = gnu99;
				GCC_DYNAMIC_NO_PIC = NO;
				GCC_OPTIMIZATION_LEVEL = 0;
				GCC_PREPROCESSOR_DEFINITIONS = (
					"DEBUG=1",
					"$(inherited)",
				);
				GCC_SYMBOLS_PRIVATE_EXTERN = NO;
				GCC_WARN_64_TO_32_BIT_CONVERSION = YES;
				GCC_WARN_ABOUT_RETURN_TYPE = YES_ERROR;
				GCC_WARN_UNDECLARED_SELECTOR = YES;
				GCC_WARN_UNINITIALIZED_AUTOS = YES;
				GCC_WARN_UNUSED_FUNCTION = YES;
				GCC_WARN_UNUSED_VARIABLE = YES;
				IPHONEOS_DEPLOYMENT_TARGET = 7.0;
				ONLY_ACTIVE_ARCH = YES;
				OTHER_LDFLAGS = "-ObjC";
				SDKROOT = iphoneos;
				TARGETED_DEVICE_FAMILY = "1,2";
				USER_HEADER_SEARCH_PATHS = "\"${PROJECT_DIR}/QuickDialog\"/**";
			};
			name = Debug;
		};
		3903C78118344ED000D82038 /* Release */ = {
			isa = XCBuildConfiguration;
			buildSettings = {
				ALWAYS_SEARCH_USER_PATHS = YES;
				ARCHS = "$(ARCHS_STANDARD_INCLUDING_64_BIT)";
				CLANG_CXX_LANGUAGE_STANDARD = "gnu++0x";
				CLANG_CXX_LIBRARY = "libc++";
				CLANG_ENABLE_MODULES = YES;
				CLANG_ENABLE_OBJC_ARC = YES;
				CLANG_WARN_BOOL_CONVERSION = YES;
				CLANG_WARN_CONSTANT_CONVERSION = YES;
				CLANG_WARN_DIRECT_OBJC_ISA_USAGE = YES_ERROR;
				CLANG_WARN_EMPTY_BODY = YES;
				CLANG_WARN_ENUM_CONVERSION = YES;
				CLANG_WARN_INT_CONVERSION = YES;
				CLANG_WARN_OBJC_ROOT_CLASS = YES_ERROR;
				CLANG_WARN__DUPLICATE_METHOD_MATCH = YES;
				"CODE_SIGN_IDENTITY[sdk=iphoneos*]" = "iPhone Developer";
				COPY_PHASE_STRIP = YES;
				ENABLE_NS_ASSERTIONS = NO;
				GCC_C_LANGUAGE_STANDARD = gnu99;
				GCC_WARN_64_TO_32_BIT_CONVERSION = YES;
				GCC_WARN_ABOUT_RETURN_TYPE = YES_ERROR;
				GCC_WARN_UNDECLARED_SELECTOR = YES;
				GCC_WARN_UNINITIALIZED_AUTOS = YES;
				GCC_WARN_UNUSED_FUNCTION = YES;
				GCC_WARN_UNUSED_VARIABLE = YES;
				IPHONEOS_DEPLOYMENT_TARGET = 7.0;
				OTHER_LDFLAGS = "-ObjC";
				SDKROOT = iphoneos;
				TARGETED_DEVICE_FAMILY = "1,2";
				USER_HEADER_SEARCH_PATHS = "\"${PROJECT_DIR}/QuickDialog\"/**";
				VALIDATE_PRODUCT = YES;
			};
			name = Release;
		};
		3903C78318344ED000D82038 /* Debug */ = {
			isa = XCBuildConfiguration;
			buildSettings = {
				ASSETCATALOG_COMPILER_APPICON_NAME = AppIcon;
				ASSETCATALOG_COMPILER_LAUNCHIMAGE_NAME = LaunchImage;
				GCC_PRECOMPILE_PREFIX_HEADER = YES;
				GCC_PREFIX_HEADER = "FileSelector/FileSelector-Prefix.pch";
				INFOPLIST_FILE = "FileSelector/FileSelector-Info.plist";
				PRODUCT_NAME = "$(TARGET_NAME)";
				WRAPPER_EXTENSION = app;
			};
			name = Debug;
		};
		3903C78418344ED000D82038 /* Release */ = {
			isa = XCBuildConfiguration;
			buildSettings = {
				ASSETCATALOG_COMPILER_APPICON_NAME = AppIcon;
				ASSETCATALOG_COMPILER_LAUNCHIMAGE_NAME = LaunchImage;
				GCC_PRECOMPILE_PREFIX_HEADER = YES;
				GCC_PREFIX_HEADER = "FileSelector/FileSelector-Prefix.pch";
				INFOPLIST_FILE = "FileSelector/FileSelector-Info.plist";
				PRODUCT_NAME = "$(TARGET_NAME)";
				WRAPPER_EXTENSION = app;
			};
			name = Release;
		};
		3903C78618344ED000D82038 /* Debug */ = {
			isa = XCBuildConfiguration;
			buildSettings = {
				ARCHS = "$(ARCHS_STANDARD_INCLUDING_64_BIT)";
				BUNDLE_LOADER = "$(BUILT_PRODUCTS_DIR)/FileSelector.app/FileSelector";
				FRAMEWORK_SEARCH_PATHS = (
					"$(SDKROOT)/Developer/Library/Frameworks",
					"$(inherited)",
					"$(DEVELOPER_FRAMEWORKS_DIR)",
				);
				GCC_PRECOMPILE_PREFIX_HEADER = YES;
				GCC_PREFIX_HEADER = "FileSelector/FileSelector-Prefix.pch";
				GCC_PREPROCESSOR_DEFINITIONS = (
					"DEBUG=1",
					"$(inherited)",
				);
				INFOPLIST_FILE = "FileSelectorTests/FileSelectorTests-Info.plist";
				PRODUCT_NAME = "$(TARGET_NAME)";
				TEST_HOST = "$(BUNDLE_LOADER)";
				WRAPPER_EXTENSION = xctest;
			};
			name = Debug;
		};
		3903C78718344ED000D82038 /* Release */ = {
			isa = XCBuildConfiguration;
			buildSettings = {
				ARCHS = "$(ARCHS_STANDARD_INCLUDING_64_BIT)";
				BUNDLE_LOADER = "$(BUILT_PRODUCTS_DIR)/FileSelector.app/FileSelector";
				FRAMEWORK_SEARCH_PATHS = (
					"$(SDKROOT)/Developer/Library/Frameworks",
					"$(inherited)",
					"$(DEVELOPER_FRAMEWORKS_DIR)",
				);
				GCC_PRECOMPILE_PREFIX_HEADER = YES;
				GCC_PREFIX_HEADER = "FileSelector/FileSelector-Prefix.pch";
				INFOPLIST_FILE = "FileSelectorTests/FileSelectorTests-Info.plist";
				PRODUCT_NAME = "$(TARGET_NAME)";
				TEST_HOST = "$(BUNDLE_LOADER)";
				WRAPPER_EXTENSION = xctest;
			};
			name = Release;
		};
/* End XCBuildConfiguration section */

/* Begin XCConfigurationList section */
		3903C74518344ED000D82038 /* Build configuration list for PBXProject "FileSelector" */ = {
			isa = XCConfigurationList;
			buildConfigurations = (
				3903C78018344ED000D82038 /* Debug */,
				3903C78118344ED000D82038 /* Release */,
			);
			defaultConfigurationIsVisible = 0;
			defaultConfigurationName = Release;
		};
		3903C78218344ED000D82038 /* Build configuration list for PBXNativeTarget "FileSelector" */ = {
			isa = XCConfigurationList;
			buildConfigurations = (
				3903C78318344ED000D82038 /* Debug */,
				3903C78418344ED000D82038 /* Release */,
			);
			defaultConfigurationIsVisible = 0;
			defaultConfigurationName = Release;
		};
		3903C78518344ED000D82038 /* Build configuration list for PBXNativeTarget "FileSelectorTests" */ = {
			isa = XCConfigurationList;
			buildConfigurations = (
				3903C78618344ED000D82038 /* Debug */,
				3903C78718344ED000D82038 /* Release */,
			);
			defaultConfigurationIsVisible = 0;
			defaultConfigurationName = Release;
		};
/* End XCConfigurationList section */

/* Begin XCVersionGroup section */
		3979BA621851185800F3F7EC /* ObserverModel.xcdatamodeld */ = {
			isa = XCVersionGroup;
			children = (
				3979BA631851185800F3F7EC /* ObserverModel.xcdatamodel */,
			);
			currentVersion = 3979BA631851185800F3F7EC /* ObserverModel.xcdatamodel */;
			path = ObserverModel.xcdatamodeld;
			sourceTree = "<group>";
			versionGroupType = wrapper.xcdatamodel;
		};
/* End XCVersionGroup section */
	};
	rootObject = 3903C74218344ED000D82038 /* Project object */;
}
